// !$*UTF8*$!
{
	archiveVersion = 1;
	classes = {
	};
	objectVersion = 46;
	objects = {

/* Begin PBXBuildFile section */
		8133B7401F26434D00821FDC /* AppDelegate.swift in Sources */ = {isa = PBXBuildFile; fileRef = 8133B73F1F26434D00821FDC /* AppDelegate.swift */; };
		8133B7421F26434D00821FDC /* ViewController.swift in Sources */ = {isa = PBXBuildFile; fileRef = 8133B7411F26434D00821FDC /* ViewController.swift */; };
		8133B7451F26434D00821FDC /* Main.storyboard in Resources */ = {isa = PBXBuildFile; fileRef = 8133B7431F26434D00821FDC /* Main.storyboard */; };
		8133B7471F26434D00821FDC /* Assets.xcassets in Resources */ = {isa = PBXBuildFile; fileRef = 8133B7461F26434D00821FDC /* Assets.xcassets */; };
		8133B74A1F26434D00821FDC /* LaunchScreen.storyboard in Resources */ = {isa = PBXBuildFile; fileRef = 8133B7481F26434D00821FDC /* LaunchScreen.storyboard */; };
		8133B7551F26434E00821FDC /* RedditCloneTests.swift in Sources */ = {isa = PBXBuildFile; fileRef = 8133B7541F26434E00821FDC /* RedditCloneTests.swift */; };
		8133B7611F2645F800821FDC /* TopicTableViewCell.swift in Sources */ = {isa = PBXBuildFile; fileRef = 8133B75F1F2645F800821FDC /* TopicTableViewCell.swift */; };
		8133B7621F2645F800821FDC /* TopicTableViewCell.xib in Resources */ = {isa = PBXBuildFile; fileRef = 8133B7601F2645F800821FDC /* TopicTableViewCell.xib */; };
		8133B7651F264E2F00821FDC /* Topic.swift in Sources */ = {isa = PBXBuildFile; fileRef = 8133B7641F264E2F00821FDC /* Topic.swift */; };
		8133B7691F2656E600821FDC /* SubmitTopicTableViewCell.swift in Sources */ = {isa = PBXBuildFile; fileRef = 8133B7671F2656E600821FDC /* SubmitTopicTableViewCell.swift */; };
		8133B76A1F2656E600821FDC /* SubmitTopicTableViewCell.xib in Resources */ = {isa = PBXBuildFile; fileRef = 8133B7681F2656E600821FDC /* SubmitTopicTableViewCell.xib */; };
/* End PBXBuildFile section */

/* Begin PBXContainerItemProxy section */
		8133B7511F26434E00821FDC /* PBXContainerItemProxy */ = {
			isa = PBXContainerItemProxy;
			containerPortal = 8133B7341F26434D00821FDC /* Project object */;
			proxyType = 1;
			remoteGlobalIDString = 8133B73B1F26434D00821FDC;
			remoteInfo = RedditClone;
		};
/* End PBXContainerItemProxy section */

/* Begin PBXFileReference section */
		8133B73C1F26434D00821FDC /* RedditClone.app */ = {isa = PBXFileReference; explicitFileType = wrapper.application; includeInIndex = 0; path = RedditClone.app; sourceTree = BUILT_PRODUCTS_DIR; };
		8133B73F1F26434D00821FDC /* AppDelegate.swift */ = {isa = PBXFileReference; lastKnownFileType = sourcecode.swift; path = AppDelegate.swift; sourceTree = "<group>"; };
		8133B7411F26434D00821FDC /* ViewController.swift */ = {isa = PBXFileReference; lastKnownFileType = sourcecode.swift; path = ViewController.swift; sourceTree = "<group>"; };
		8133B7441F26434D00821FDC /* Base */ = {isa = PBXFileReference; lastKnownFileType = file.storyboard; name = Base; path = Base.lproj/Main.storyboard; sourceTree = "<group>"; };
		8133B7461F26434D00821FDC /* Assets.xcassets */ = {isa = PBXFileReference; lastKnownFileType = folder.assetcatalog; path = Assets.xcassets; sourceTree = "<group>"; };
		8133B7491F26434D00821FDC /* Base */ = {isa = PBXFileReference; lastKnownFileType = file.storyboard; name = Base; path = Base.lproj/LaunchScreen.storyboard; sourceTree = "<group>"; };
		8133B74B1F26434D00821FDC /* Info.plist */ = {isa = PBXFileReference; lastKnownFileType = text.plist.xml; path = Info.plist; sourceTree = "<group>"; };
		8133B7501F26434E00821FDC /* RedditCloneTests.xctest */ = {isa = PBXFileReference; explicitFileType = wrapper.cfbundle; includeInIndex = 0; path = RedditCloneTests.xctest; sourceTree = BUILT_PRODUCTS_DIR; };
		8133B7541F26434E00821FDC /* RedditCloneTests.swift */ = {isa = PBXFileReference; lastKnownFileType = sourcecode.swift; path = RedditCloneTests.swift; sourceTree = "<group>"; };
		8133B7561F26434E00821FDC /* Info.plist */ = {isa = PBXFileReference; lastKnownFileType = text.plist.xml; path = Info.plist; sourceTree = "<group>"; };
		8133B75F1F2645F800821FDC /* TopicTableViewCell.swift */ = {isa = PBXFileReference; fileEncoding = 4; lastKnownFileType = sourcecode.swift; name = TopicTableViewCell.swift; path = UITableViewCell/TopicTableViewCell.swift; sourceTree = "<group>"; };
		8133B7601F2645F800821FDC /* TopicTableViewCell.xib */ = {isa = PBXFileReference; fileEncoding = 4; lastKnownFileType = file.xib; name = TopicTableViewCell.xib; path = UITableViewCell/TopicTableViewCell.xib; sourceTree = "<group>"; };
		8133B7641F264E2F00821FDC /* Topic.swift */ = {isa = PBXFileReference; fileEncoding = 4; lastKnownFileType = sourcecode.swift; name = Topic.swift; path = Models/Topic.swift; sourceTree = "<group>"; };
		8133B7671F2656E600821FDC /* SubmitTopicTableViewCell.swift */ = {isa = PBXFileReference; fileEncoding = 4; lastKnownFileType = sourcecode.swift; name = SubmitTopicTableViewCell.swift; path = UITableViewCell/SubmitTopicTableViewCell.swift; sourceTree = "<group>"; };
		8133B7681F2656E600821FDC /* SubmitTopicTableViewCell.xib */ = {isa = PBXFileReference; fileEncoding = 4; lastKnownFileType = file.xib; name = SubmitTopicTableViewCell.xib; path = UITableViewCell/SubmitTopicTableViewCell.xib; sourceTree = "<group>"; };
/* End PBXFileReference section */

/* Begin PBXFrameworksBuildPhase section */
		8133B7391F26434D00821FDC /* Frameworks */ = {
			isa = PBXFrameworksBuildPhase;
			buildActionMask = 2147483647;
			files = (
			);
			runOnlyForDeploymentPostprocessing = 0;
		};
		8133B74D1F26434E00821FDC /* Frameworks */ = {
			isa = PBXFrameworksBuildPhase;
			buildActionMask = 2147483647;
			files = (
			);
			runOnlyForDeploymentPostprocessing = 0;
		};
/* End PBXFrameworksBuildPhase section */

/* Begin PBXGroup section */
		8133B7331F26434D00821FDC = {
			isa = PBXGroup;
			children = (
				8133B73E1F26434D00821FDC /* RedditClone */,
				8133B7531F26434E00821FDC /* RedditCloneTests */,
				8133B73D1F26434D00821FDC /* Products */,
			);
			sourceTree = "<group>";
		};
		8133B73D1F26434D00821FDC /* Products */ = {
			isa = PBXGroup;
			children = (
				8133B73C1F26434D00821FDC /* RedditClone.app */,
				8133B7501F26434E00821FDC /* RedditCloneTests.xctest */,
			);
			name = Products;
			sourceTree = "<group>";
		};
		8133B73E1F26434D00821FDC /* RedditClone */ = {
			isa = PBXGroup;
			children = (
				8133B73F1F26434D00821FDC /* AppDelegate.swift */,
				8133B7411F26434D00821FDC /* ViewController.swift */,
				8133B7431F26434D00821FDC /* Main.storyboard */,
				8133B7461F26434D00821FDC /* Assets.xcassets */,
				8133B7481F26434D00821FDC /* LaunchScreen.storyboard */,
				8133B74B1F26434D00821FDC /* Info.plist */,
				8133B7631F2645FE00821FDC /* UITableViewCell */,
				8133B7661F264E3400821FDC /* Models */,
			);
			path = RedditClone;
			sourceTree = "<group>";
		};
		8133B7531F26434E00821FDC /* RedditCloneTests */ = {
			isa = PBXGroup;
			children = (
				8133B7541F26434E00821FDC /* RedditCloneTests.swift */,
				8133B7561F26434E00821FDC /* Info.plist */,
			);
			path = RedditCloneTests;
			sourceTree = "<group>";
		};
		8133B7631F2645FE00821FDC /* UITableViewCell */ = {
			isa = PBXGroup;
			children = (
				8133B75F1F2645F800821FDC /* TopicTableViewCell.swift */,
				8133B7601F2645F800821FDC /* TopicTableViewCell.xib */,
				8133B7671F2656E600821FDC /* SubmitTopicTableViewCell.swift */,
				8133B7681F2656E600821FDC /* SubmitTopicTableViewCell.xib */,
			);
			name = UITableViewCell;
			sourceTree = "<group>";
		};
		8133B7661F264E3400821FDC /* Models */ = {
			isa = PBXGroup;
			children = (
				8133B7641F264E2F00821FDC /* Topic.swift */,
			);
			name = Models;
			sourceTree = "<group>";
		};
/* End PBXGroup section */

/* Begin PBXNativeTarget section */
		8133B73B1F26434D00821FDC /* RedditClone */ = {
			isa = PBXNativeTarget;
			buildConfigurationList = 8133B7591F26434E00821FDC /* Build configuration list for PBXNativeTarget "RedditClone" */;
			buildPhases = (
				8133B7381F26434D00821FDC /* Sources */,
				8133B7391F26434D00821FDC /* Frameworks */,
				8133B73A1F26434D00821FDC /* Resources */,
			);
			buildRules = (
			);
			dependencies = (
			);
			name = RedditClone;
			productName = RedditClone;
			productReference = 8133B73C1F26434D00821FDC /* RedditClone.app */;
			productType = "com.apple.product-type.application";
		};
		8133B74F1F26434E00821FDC /* RedditCloneTests */ = {
			isa = PBXNativeTarget;
			buildConfigurationList = 8133B75C1F26434E00821FDC /* Build configuration list for PBXNativeTarget "RedditCloneTests" */;
			buildPhases = (
				8133B74C1F26434E00821FDC /* Sources */,
				8133B74D1F26434E00821FDC /* Frameworks */,
				8133B74E1F26434E00821FDC /* Resources */,
			);
			buildRules = (
			);
			dependencies = (
				8133B7521F26434E00821FDC /* PBXTargetDependency */,
			);
			name = RedditCloneTests;
			productName = RedditCloneTests;
			productReference = 8133B7501F26434E00821FDC /* RedditCloneTests.xctest */;
			productType = "com.apple.product-type.bundle.unit-test";
		};
/* End PBXNativeTarget section */

/* Begin PBXProject section */
		8133B7341F26434D00821FDC /* Project object */ = {
			isa = PBXProject;
			attributes = {
				LastSwiftUpdateCheck = 0830;
				LastUpgradeCheck = 0830;
				ORGANIZATIONNAME = "Nadine Siregar";
				TargetAttributes = {
					8133B73B1F26434D00821FDC = {
						CreatedOnToolsVersion = 8.3.3;
						DevelopmentTeam = 553443SC5B;
						ProvisioningStyle = Automatic;
					};
					8133B74F1F26434E00821FDC = {
						CreatedOnToolsVersion = 8.3.3;
						DevelopmentTeam = 553443SC5B;
						ProvisioningStyle = Automatic;
						TestTargetID = 8133B73B1F26434D00821FDC;
					};
				};
			};
			buildConfigurationList = 8133B7371F26434D00821FDC /* Build configuration list for PBXProject "RedditClone" */;
			compatibilityVersion = "Xcode 3.2";
			developmentRegion = English;
			hasScannedForEncodings = 0;
			knownRegions = (
				en,
				Base,
			);
			mainGroup = 8133B7331F26434D00821FDC;
			productRefGroup = 8133B73D1F26434D00821FDC /* Products */;
			projectDirPath = "";
			projectRoot = "";
			targets = (
				8133B73B1F26434D00821FDC /* RedditClone */,
				8133B74F1F26434E00821FDC /* RedditCloneTests */,
			);
		};
/* End PBXProject section */

/* Begin PBXResourcesBuildPhase section */
		8133B73A1F26434D00821FDC /* Resources */ = {
			isa = PBXResourcesBuildPhase;
			buildActionMask = 2147483647;
			files = (
				8133B74A1F26434D00821FDC /* LaunchScreen.storyboard in Resources */,
				8133B7621F2645F800821FDC /* TopicTableViewCell.xib in Resources */,
				8133B7471F26434D00821FDC /* Assets.xcassets in Resources */,
				8133B76A1F2656E600821FDC /* SubmitTopicTableViewCell.xib in Resources */,
				8133B7451F26434D00821FDC /* Main.storyboard in Resources */,
			);
			runOnlyForDeploymentPostprocessing = 0;
		};
		8133B74E1F26434E00821FDC /* Resources */ = {
			isa = PBXResourcesBuildPhase;
			buildActionMask = 2147483647;
			files = (
			);
			runOnlyForDeploymentPostprocessing = 0;
		};
/* End PBXResourcesBuildPhase section */

/* Begin PBXSourcesBuildPhase section */
		8133B7381F26434D00821FDC /* Sources */ = {
			isa = PBXSourcesBuildPhase;
			buildActionMask = 2147483647;
			files = (
				8133B7421F26434D00821FDC /* ViewController.swift in Sources */,
				8133B7691F2656E600821FDC /* SubmitTopicTableViewCell.swift in Sources */,
				8133B7651F264E2F00821FDC /* Topic.swift in Sources */,
				8133B7611F2645F800821FDC /* TopicTableViewCell.swift in Sources */,
				8133B7401F26434D00821FDC /* AppDelegate.swift in Sources */,
			);
			runOnlyForDeploymentPostprocessing = 0;
		};
		8133B74C1F26434E00821FDC /* Sources */ = {
			isa = PBXSourcesBuildPhase;
			buildActionMask = 2147483647;
			files = (
				8133B7551F26434E00821FDC /* RedditCloneTests.swift in Sources */,
			);
			runOnlyForDeploymentPostprocessing = 0;
		};
/* End PBXSourcesBuildPhase section */

/* Begin PBXTargetDependency section */
		8133B7521F26434E00821FDC /* PBXTargetDependency */ = {
			isa = PBXTargetDependency;
			target = 8133B73B1F26434D00821FDC /* RedditClone */;
			targetProxy = 8133B7511F26434E00821FDC /* PBXContainerItemProxy */;
		};
/* End PBXTargetDependency section */

/* Begin PBXVariantGroup section */
		8133B7431F26434D00821FDC /* Main.storyboard */ = {
			isa = PBXVariantGroup;
			children = (
				8133B7441F26434D00821FDC /* Base */,
			);
			name = Main.storyboard;
			sourceTree = "<group>";
		};
		8133B7481F26434D00821FDC /* LaunchScreen.storyboard */ = {
			isa = PBXVariantGroup;
			children = (
				8133B7491F26434D00821FDC /* Base */,
			);
			name = LaunchScreen.storyboard;
			sourceTree = "<group>";
		};
/* End PBXVariantGroup section */

/* Begin XCBuildConfiguration section */
		8133B7571F26434E00821FDC /* Debug */ = {
			isa = XCBuildConfiguration;
			buildSettings = {
				ALWAYS_SEARCH_USER_PATHS = NO;
				CLANG_ANALYZER_NONNULL = YES;
				CLANG_ANALYZER_NUMBER_OBJECT_CONVERSION = YES_AGGRESSIVE;
				CLANG_CXX_LANGUAGE_STANDARD = "gnu++0x";
				CLANG_CXX_LIBRARY = "libc++";
				CLANG_ENABLE_MODULES = YES;
				CLANG_ENABLE_OBJC_ARC = YES;
				CLANG_WARN_BOOL_CONVERSION = YES;
				CLANG_WARN_CONSTANT_CONVERSION = YES;
				CLANG_WARN_DIRECT_OBJC_ISA_USAGE = YES_ERROR;
				CLANG_WARN_DOCUMENTATION_COMMENTS = YES;
				CLANG_WARN_EMPTY_BODY = YES;
				CLANG_WARN_ENUM_CONVERSION = YES;
				CLANG_WARN_INFINITE_RECURSION = YES;
				CLANG_WARN_INT_CONVERSION = YES;
				CLANG_WARN_OBJC_ROOT_CLASS = YES_ERROR;
				CLANG_WARN_SUSPICIOUS_MOVE = YES;
				CLANG_WARN_UNREACHABLE_CODE = YES;
				CLANG_WARN__DUPLICATE_METHOD_MATCH = YES;
				"CODE_SIGN_IDENTITY[sdk=iphoneos*]" = "iPhone Developer";
				COPY_PHASE_STRIP = NO;
				DEBUG_INFORMATION_FORMAT = dwarf;
				ENABLE_STRICT_OBJC_MSGSEND = YES;
				ENABLE_TESTABILITY = YES;
				GCC_C_LANGUAGE_STANDARD = gnu99;
				GCC_DYNAMIC_NO_PIC = NO;
				GCC_NO_COMMON_BLOCKS = YES;
				GCC_OPTIMIZATION_LEVEL = 0;
				GCC_PREPROCESSOR_DEFINITIONS = (
					"DEBUG=1",
					"$(inherited)",
				);
				GCC_WARN_64_TO_32_BIT_CONVERSION = YES;
				GCC_WARN_ABOUT_RETURN_TYPE = YES_ERROR;
				GCC_WARN_UNDECLARED_SELECTOR = YES;
				GCC_WARN_UNINITIALIZED_AUTOS = YES_AGGRESSIVE;
				GCC_WARN_UNUSED_FUNCTION = YES;
				GCC_WARN_UNUSED_VARIABLE = YES;
				IPHONEOS_DEPLOYMENT_TARGET = 10.3;
				MTL_ENABLE_DEBUG_INFO = YES;
				ONLY_ACTIVE_ARCH = YES;
				SDKROOT = iphoneos;
				SWIFT_ACTIVE_COMPILATION_CONDITIONS = DEBUG;
				SWIFT_OPTIMIZATION_LEVEL = "-Onone";
			};
			name = Debug;
		};
		8133B7581F26434E00821FDC /* Release */ = {
			isa = XCBuildConfiguration;
			buildSettings = {
				ALWAYS_SEARCH_USER_PATHS = NO;
				CLANG_ANALYZER_NONNULL = YES;
				CLANG_ANALYZER_NUMBER_OBJECT_CONVERSION = YES_AGGRESSIVE;
				CLANG_CXX_LANGUAGE_STANDARD = "gnu++0x";
				CLANG_CXX_LIBRARY = "libc++";
				CLANG_ENABLE_MODULES = YES;
				CLANG_ENABLE_OBJC_ARC = YES;
				CLANG_WARN_BOOL_CONVERSION = YES;
				CLANG_WARN_CONSTANT_CONVERSION = YES;
				CLANG_WARN_DIRECT_OBJC_ISA_USAGE = YES_ERROR;
				CLANG_WARN_DOCUMENTATION_COMMENTS = YES;
				CLANG_WARN_EMPTY_BODY = YES;
				CLANG_WARN_ENUM_CONVERSION = YES;
				CLANG_WARN_INFINITE_RECURSION = YES;
				CLANG_WARN_INT_CONVERSION = YES;
				CLANG_WARN_OBJC_ROOT_CLASS = YES_ERROR;
				CLANG_WARN_SUSPICIOUS_MOVE = YES;
				CLANG_WARN_UNREACHABLE_CODE = YES;
				CLANG_WARN__DUPLICATE_METHOD_MATCH = YES;
				"CODE_SIGN_IDENTITY[sdk=iphoneos*]" = "iPhone Developer";
				COPY_PHASE_STRIP = NO;
				DEBUG_INFORMATION_FORMAT = "dwarf-with-dsym";
				ENABLE_NS_ASSERTIONS = NO;
				ENABLE_STRICT_OBJC_MSGSEND = YES;
				GCC_C_LANGUAGE_STANDARD = gnu99;
				GCC_NO_COMMON_BLOCKS = YES;
				GCC_WARN_64_TO_32_BIT_CONVERSION = YES;
				GCC_WARN_ABOUT_RETURN_TYPE = YES_ERROR;
				GCC_WARN_UNDECLARED_SELECTOR = YES;
				GCC_WARN_UNINITIALIZED_AUTOS = YES_AGGRESSIVE;
				GCC_WARN_UNUSED_FUNCTION = YES;
				GCC_WARN_UNUSED_VARIABLE = YES;
				IPHONEOS_DEPLOYMENT_TARGET = 10.3;
				MTL_ENABLE_DEBUG_INFO = NO;
				SDKROOT = iphoneos;
				SWIFT_OPTIMIZATION_LEVEL = "-Owholemodule";
				VALIDATE_PRODUCT = YES;
			};
			name = Release;
		};
		8133B75A1F26434E00821FDC /* Debug */ = {
			isa = XCBuildConfiguration;
			buildSettings = {
				ASSETCATALOG_COMPILER_APPICON_NAME = AppIcon;
				DEVELOPMENT_TEAM = 553443SC5B;
				INFOPLIST_FILE = RedditClone/Info.plist;
				LD_RUNPATH_SEARCH_PATHS = "$(inherited) @executable_path/Frameworks";
				PRODUCT_BUNDLE_IDENTIFIER = anbitasiregar.RedditClone;
				PRODUCT_NAME = "$(TARGET_NAME)";
				SWIFT_VERSION = 3.0;
			};
			name = Debug;
		};
		8133B75B1F26434E00821FDC /* Release */ = {
			isa = XCBuildConfiguration;
			buildSettings = {
				ASSETCATALOG_COMPILER_APPICON_NAME = AppIcon;
				DEVELOPMENT_TEAM = 553443SC5B;
				INFOPLIST_FILE = RedditClone/Info.plist;
				LD_RUNPATH_SEARCH_PATHS = "$(inherited) @executable_path/Frameworks";
				PRODUCT_BUNDLE_IDENTIFIER = anbitasiregar.RedditClone;
				PRODUCT_NAME = "$(TARGET_NAME)";
				SWIFT_VERSION = 3.0;
			};
			name = Release;
		};
		8133B75D1F26434E00821FDC /* Debug */ = {
			isa = XCBuildConfiguration;
			buildSettings = {
				ALWAYS_EMBED_SWIFT_STANDARD_LIBRARIES = YES;
				BUNDLE_LOADER = "$(TEST_HOST)";
				DEVELOPMENT_TEAM = 553443SC5B;
				INFOPLIST_FILE = RedditCloneTests/Info.plist;
				LD_RUNPATH_SEARCH_PATHS = "$(inherited) @executable_path/Frameworks @loader_path/Frameworks";
				PRODUCT_BUNDLE_IDENTIFIER = anbitasiregar.RedditCloneTests;
				PRODUCT_NAME = "$(TARGET_NAME)";
				SWIFT_VERSION = 3.0;
				TEST_HOST = "$(BUILT_PRODUCTS_DIR)/RedditClone.app/RedditClone";
			};
			name = Debug;
		};
		8133B75E1F26434E00821FDC /* Release */ = {
			isa = XCBuildConfiguration;
			buildSettings = {
				ALWAYS_EMBED_SWIFT_STANDARD_LIBRARIES = YES;
				BUNDLE_LOADER = "$(TEST_HOST)";
				DEVELOPMENT_TEAM = 553443SC5B;
				INFOPLIST_FILE = RedditCloneTests/Info.plist;
				LD_RUNPATH_SEARCH_PATHS = "$(inherited) @executable_path/Frameworks @loader_path/Frameworks";
				PRODUCT_BUNDLE_IDENTIFIER = anbitasiregar.RedditCloneTests;
				PRODUCT_NAME = "$(TARGET_NAME)";
				SWIFT_VERSION = 3.0;
				TEST_HOST = "$(BUILT_PRODUCTS_DIR)/RedditClone.app/RedditClone";
			};
			name = Release;
		};
/* End XCBuildConfiguration section */

/* Begin XCConfigurationList section */
		8133B7371F26434D00821FDC /* Build configuration list for PBXProject "RedditClone" */ = {
			isa = XCConfigurationList;
			buildConfigurations = (
				8133B7571F26434E00821FDC /* Debug */,
				8133B7581F26434E00821FDC /* Release */,
			);
			defaultConfigurationIsVisible = 0;
			defaultConfigurationName = Release;
		};
		8133B7591F26434E00821FDC /* Build configuration list for PBXNativeTarget "RedditClone" */ = {
			isa = XCConfigurationList;
			buildConfigurations = (
				8133B75A1F26434E00821FDC /* Debug */,
				8133B75B1F26434E00821FDC /* Release */,
			);
			defaultConfigurationIsVisible = 0;
		};
		8133B75C1F26434E00821FDC /* Build configuration list for PBXNativeTarget "RedditCloneTests" */ = {
			isa = XCConfigurationList;
			buildConfigurations = (
				8133B75D1F26434E00821FDC /* Debug */,
				8133B75E1F26434E00821FDC /* Release */,
			);
			defaultConfigurationIsVisible = 0;
		};
/* End XCConfigurationList section */
	};
	rootObject = 8133B7341F26434D00821FDC /* Project object */;
}
